
Microsoft Visual Studio Solution File, Format Version 12.00
# Visual Studio Version 16
VisualStudioVersion = 16.0.31729.503
MinimumVisualStudioVersion = 10.0.40219.1
Project("{FAE04EC0-301F-11D3-BF4B-00C04F79EFBC}") = "ComSaleSystemAPI", "ComSaleSystemAPI\ComSaleSystemAPI.csproj", "{07081984-D8D2-4615-BABC-599DA6E79AAB}"
EndProject
Global
	GlobalSection(SolutionConfigurationPlatforms) = preSolution
		Debug|Any CPU = Debug|Any CPU
		Release|Any CPU = Release|Any CPU
	EndGlobalSection
	GlobalSection(ProjectConfigurationPlatforms) = postSolution
		{07081984-D8D2-4615-BABC-599DA6E79AAB}.Debug|Any CPU.ActiveCfg = Debug|Any CPU
		{07081984-D8D2-4615-BABC-599DA6E79AAB}.Debug|Any CPU.Build.0 = Debug|Any CPU
		{07081984-D8D2-4615-BABC-599DA6E79AAB}.Release|Any CPU.ActiveCfg = Release|Any CPU
		{07081984-D8D2-4615-BABC-599DA6E79AAB}.Release|Any CPU.Build.0 = Release|Any CPU
	EndGlobalSection
	GlobalSection(SolutionProperties) = preSolution
		HideSolutionNode = FALSE
	EndGlobalSection
	GlobalSection(ExtensibilityGlobals) = postSolution
		SolutionGuid = {FA0C5659-5FA9-47A5-BF0E-6FA0959DAE81}
	EndGlobalSection
EndGlobal
